
Microsoft Visual Studio Solution File, Format Version 12.00
# Visual Studio Version 16
VisualStudioVersion = 16.0.29911.84
MinimumVisualStudioVersion = 10.0.40219.1
Project("{8BC9CEB8-8B4A-11D0-8D11-00A0C91BC942}") = "CppOpenGL", "CppOpenGL\CppOpenGL.vcxproj", "{F6D011A6-081E-4AB0-B667-CF7EB62832BE}"
EndProject
Project("{8BC9CEB8-8B4A-11D0-8D11-00A0C91BC942}") = "Tutorial1_CreateWindow", "Tutorial1\Tutorial1.vcxproj", "{22DCB270-4194-4370-98F4-A5637AF83E3A}"
EndProject
Project("{8BC9CEB8-8B4A-11D0-8D11-00A0C91BC942}") = "Tutorial2_DrawQUAD", "Tutorial2\Tutorial2.vcxproj", "{B4B420E5-71DE-4B8E-844B-18B73474991C}"
EndProject
Project("{8BC9CEB8-8B4A-11D0-8D11-00A0C91BC942}") = "Tutorial3_Textures", "Tutorial3\Tutorial3.vcxproj", "{FFE8BEED-BC7D-4EA1-A3E9-7660C04D704F}"
EndProject
Project("{8BC9CEB8-8B4A-11D0-8D11-00A0C91BC942}") = "Tutorial4_ModelMatrix", "Tutorial_ModelMatrix\Tutorial_ModelMatrix.vcxproj", "{7FF83A6A-6796-43F4-AE80-C30E368D4621}"
EndProject
Project("{8BC9CEB8-8B4A-11D0-8D11-00A0C91BC942}") = "Tutorial5_ViewProjMatrix", "Tutorial5_ViewProjMatrix\Tutorial5_ViewProjMatrix.vcxproj", "{D803FE29-4104-4C2A-88B7-AE611B841A86}"
EndProject
Project("{8BC9CEB8-8B4A-11D0-8D11-00A0C91BC942}") = "Tutorial6_keyboardInput", "Tutorial6_keyboardInput\Tutorial6_keyboardInput.vcxproj", "{F12374FA-4715-412E-B186-2ECD218490C8}"
EndProject
Project("{8BC9CEB8-8B4A-11D0-8D11-00A0C91BC942}") = "Tutorial7_LightingFirst", "Tutorial7_LightingFirst\Tutorial7_LightingFirst.vcxproj", "{58EAC395-C4E9-49AF-9A4A-E3BE8B5C5DCA}"
EndProject
Project("{8BC9CEB8-8B4A-11D0-8D11-00A0C91BC942}") = "Tutorial8_ShaderClass", "Tutorial8_ShaderClass\Tutorial8_ShaderClass.vcxproj", "{BF69433C-50D6-4314-99CA-78370258E3C0}"
EndProject
Global
	GlobalSection(SolutionConfigurationPlatforms) = preSolution
		Debug|x64 = Debug|x64
		Debug|x86 = Debug|x86
		Release|x64 = Release|x64
		Release|x86 = Release|x86
	EndGlobalSection
	GlobalSection(ProjectConfigurationPlatforms) = postSolution
		{F6D011A6-081E-4AB0-B667-CF7EB62832BE}.Debug|x64.ActiveCfg = Debug|x64
		{F6D011A6-081E-4AB0-B667-CF7EB62832BE}.Debug|x64.Build.0 = Debug|x64
		{F6D011A6-081E-4AB0-B667-CF7EB62832BE}.Debug|x86.ActiveCfg = Debug|Win32
		{F6D011A6-081E-4AB0-B667-CF7EB62832BE}.Debug|x86.Build.0 = Debug|Win32
		{F6D011A6-081E-4AB0-B667-CF7EB62832BE}.Release|x64.ActiveCfg = Release|x64
		{F6D011A6-081E-4AB0-B667-CF7EB62832BE}.Release|x64.Build.0 = Release|x64
		{F6D011A6-081E-4AB0-B667-CF7EB62832BE}.Release|x86.ActiveCfg = Release|Win32
		{F6D011A6-081E-4AB0-B667-CF7EB62832BE}.Release|x86.Build.0 = Release|Win32
		{22DCB270-4194-4370-98F4-A5637AF83E3A}.Debug|x64.ActiveCfg = Debug|x64
		{22DCB270-4194-4370-98F4-A5637AF83E3A}.Debug|x64.Build.0 = Debug|x64
		{22DCB270-4194-4370-98F4-A5637AF83E3A}.Debug|x86.ActiveCfg = Debug|Win32
		{22DCB270-4194-4370-98F4-A5637AF83E3A}.Debug|x86.Build.0 = Debug|Win32
		{22DCB270-4194-4370-98F4-A5637AF83E3A}.Release|x64.ActiveCfg = Release|x64
		{22DCB270-4194-4370-98F4-A5637AF83E3A}.Release|x64.Build.0 = Release|x64
		{22DCB270-4194-4370-98F4-A5637AF83E3A}.Release|x86.ActiveCfg = Release|Win32
		{22DCB270-4194-4370-98F4-A5637AF83E3A}.Release|x86.Build.0 = Release|Win32
		{B4B420E5-71DE-4B8E-844B-18B73474991C}.Debug|x64.ActiveCfg = Debug|x64
		{B4B420E5-71DE-4B8E-844B-18B73474991C}.Debug|x64.Build.0 = Debug|x64
		{B4B420E5-71DE-4B8E-844B-18B73474991C}.Debug|x86.ActiveCfg = Debug|Win32
		{B4B420E5-71DE-4B8E-844B-18B73474991C}.Debug|x86.Build.0 = Debug|Win32
		{B4B420E5-71DE-4B8E-844B-18B73474991C}.Release|x64.ActiveCfg = Release|x64
		{B4B420E5-71DE-4B8E-844B-18B73474991C}.Release|x64.Build.0 = Release|x64
		{B4B420E5-71DE-4B8E-844B-18B73474991C}.Release|x86.ActiveCfg = Release|Win32
		{B4B420E5-71DE-4B8E-844B-18B73474991C}.Release|x86.Build.0 = Release|Win32
		{FFE8BEED-BC7D-4EA1-A3E9-7660C04D704F}.Debug|x64.ActiveCfg = Debug|x64
		{FFE8BEED-BC7D-4EA1-A3E9-7660C04D704F}.Debug|x64.Build.0 = Debug|x64
		{FFE8BEED-BC7D-4EA1-A3E9-7660C04D704F}.Debug|x86.ActiveCfg = Debug|Win32
		{FFE8BEED-BC7D-4EA1-A3E9-7660C04D704F}.Debug|x86.Build.0 = Debug|Win32
		{FFE8BEED-BC7D-4EA1-A3E9-7660C04D704F}.Release|x64.ActiveCfg = Release|x64
		{FFE8BEED-BC7D-4EA1-A3E9-7660C04D704F}.Release|x64.Build.0 = Release|x64
		{FFE8BEED-BC7D-4EA1-A3E9-7660C04D704F}.Release|x86.ActiveCfg = Release|Win32
		{FFE8BEED-BC7D-4EA1-A3E9-7660C04D704F}.Release|x86.Build.0 = Release|Win32
		{7FF83A6A-6796-43F4-AE80-C30E368D4621}.Debug|x64.ActiveCfg = Debug|x64
		{7FF83A6A-6796-43F4-AE80-C30E368D4621}.Debug|x64.Build.0 = Debug|x64
		{7FF83A6A-6796-43F4-AE80-C30E368D4621}.Debug|x86.ActiveCfg = Debug|Win32
		{7FF83A6A-6796-43F4-AE80-C30E368D4621}.Debug|x86.Build.0 = Debug|Win32
		{7FF83A6A-6796-43F4-AE80-C30E368D4621}.Release|x64.ActiveCfg = Release|x64
		{7FF83A6A-6796-43F4-AE80-C30E368D4621}.Release|x64.Build.0 = Release|x64
		{7FF83A6A-6796-43F4-AE80-C30E368D4621}.Release|x86.ActiveCfg = Release|Win32
		{7FF83A6A-6796-43F4-AE80-C30E368D4621}.Release|x86.Build.0 = Release|Win32
		{D803FE29-4104-4C2A-88B7-AE611B841A86}.Debug|x64.ActiveCfg = Debug|x64
		{D803FE29-4104-4C2A-88B7-AE611B841A86}.Debug|x64.Build.0 = Debug|x64
		{D803FE29-4104-4C2A-88B7-AE611B841A86}.Debug|x86.ActiveCfg = Debug|Win32
		{D803FE29-4104-4C2A-88B7-AE611B841A86}.Debug|x86.Build.0 = Debug|Win32
		{D803FE29-4104-4C2A-88B7-AE611B841A86}.Release|x64.ActiveCfg = Release|x64
		{D803FE29-4104-4C2A-88B7-AE611B841A86}.Release|x64.Build.0 = Release|x64
		{D803FE29-4104-4C2A-88B7-AE611B841A86}.Release|x86.ActiveCfg = Release|Win32
		{D803FE29-4104-4C2A-88B7-AE611B841A86}.Release|x86.Build.0 = Release|Win32
		{F12374FA-4715-412E-B186-2ECD218490C8}.Debug|x64.ActiveCfg = Debug|x64
		{F12374FA-4715-412E-B186-2ECD218490C8}.Debug|x64.Build.0 = Debug|x64
		{F12374FA-4715-412E-B186-2ECD218490C8}.Debug|x86.ActiveCfg = Debug|Win32
		{F12374FA-4715-412E-B186-2ECD218490C8}.Debug|x86.Build.0 = Debug|Win32
		{F12374FA-4715-412E-B186-2ECD218490C8}.Release|x64.ActiveCfg = Release|x64
		{F12374FA-4715-412E-B186-2ECD218490C8}.Release|x64.Build.0 = Release|x64
		{F12374FA-4715-412E-B186-2ECD218490C8}.Release|x86.ActiveCfg = Release|Win32
		{F12374FA-4715-412E-B186-2ECD218490C8}.Release|x86.Build.0 = Release|Win32
		{58EAC395-C4E9-49AF-9A4A-E3BE8B5C5DCA}.Debug|x64.ActiveCfg = Debug|x64
		{58EAC395-C4E9-49AF-9A4A-E3BE8B5C5DCA}.Debug|x64.Build.0 = Debug|x64
		{58EAC395-C4E9-49AF-9A4A-E3BE8B5C5DCA}.Debug|x86.ActiveCfg = Debug|Win32
		{58EAC395-C4E9-49AF-9A4A-E3BE8B5C5DCA}.Debug|x86.Build.0 = Debug|Win32
		{58EAC395-C4E9-49AF-9A4A-E3BE8B5C5DCA}.Release|x64.ActiveCfg = Release|x64
		{58EAC395-C4E9-49AF-9A4A-E3BE8B5C5DCA}.Release|x64.Build.0 = Release|x64
		{58EAC395-C4E9-49AF-9A4A-E3BE8B5C5DCA}.Release|x86.ActiveCfg = Release|Win32
		{58EAC395-C4E9-49AF-9A4A-E3BE8B5C5DCA}.Release|x86.Build.0 = Release|Win32
		{BF69433C-50D6-4314-99CA-78370258E3C0}.Debug|x64.ActiveCfg = Debug|x64
		{BF69433C-50D6-4314-99CA-78370258E3C0}.Debug|x64.Build.0 = Debug|x64
		{BF69433C-50D6-4314-99CA-78370258E3C0}.Debug|x86.ActiveCfg = Debug|Win32
		{BF69433C-50D6-4314-99CA-78370258E3C0}.Debug|x86.Build.0 = Debug|Win32
		{BF69433C-50D6-4314-99CA-78370258E3C0}.Release|x64.ActiveCfg = Release|x64
		{BF69433C-50D6-4314-99CA-78370258E3C0}.Release|x64.Build.0 = Release|x64
		{BF69433C-50D6-4314-99CA-78370258E3C0}.Release|x86.ActiveCfg = Release|Win32
		{BF69433C-50D6-4314-99CA-78370258E3C0}.Release|x86.Build.0 = Release|Win32
	EndGlobalSection
	GlobalSection(SolutionProperties) = preSolution
		HideSolutionNode = FALSE
	EndGlobalSection
	GlobalSection(ExtensibilityGlobals) = postSolution
		SolutionGuid = {0B233C5B-1C8C-4014-B2A6-838F313EBFA6}
	EndGlobalSection
EndGlobal
